
Microsoft Visual Studio Solution File, Format Version 12.00
# Visual Studio Version 17
VisualStudioVersion = 17.11.35222.181
MinimumVisualStudioVersion = 10.0.40219.1
Project("{9A19103F-16F7-4668-BE54-9A1E7A4F7556}") = "BankSysteam_1", "BankSysteam 1\BankSysteam_1.csproj", "{66E6934A-FC51-45F9-BA35-54BC3F7C68FE}"
EndProject
Global
	GlobalSection(SolutionConfigurationPlatforms) = preSolution
		Debug|Any CPU = Debug|Any CPU
		Release|Any CPU = Release|Any CPU
	EndGlobalSection
	GlobalSection(ProjectConfigurationPlatforms) = postSolution
		{66E6934A-FC51-45F9-BA35-54BC3F7C68FE}.Debug|Any CPU.ActiveCfg = Debug|Any CPU
		{66E6934A-FC51-45F9-BA35-54BC3F7C68FE}.Debug|Any CPU.Build.0 = Debug|Any CPU
		{66E6934A-FC51-45F9-BA35-54BC3F7C68FE}.Release|Any CPU.ActiveCfg = Release|Any CPU
		{66E6934A-FC51-45F9-BA35-54BC3F7C68FE}.Release|Any CPU.Build.0 = Release|Any CPU
	EndGlobalSection
	GlobalSection(SolutionProperties) = preSolution
		HideSolutionNode = FALSE
	EndGlobalSection
	GlobalSection(ExtensibilityGlobals) = postSolution
		SolutionGuid = {81244AA1-D1E2-43D6-9C37-DCD5B397B684}
	EndGlobalSection
EndGlobal
